{
  "version": "2",
  "remote": {
    "https://cdn.skypack.dev/-/@types/markdown-it@v12.2.3-sYCwq3SJdXEhZLrqr5Jd/dist=es2019,mode=imports/optimized/@types/markdown-it.js": "5d71afac9a0636b438aff7daa03026bc53a42b37fb59459792dee56119b9ae05",
    "https://cdn.skypack.dev/-/@types/markdown-it@v12.2.3-sYCwq3SJdXEhZLrqr5Jd/dist=es2019,mode=types/index.d.ts": "cc9c54f15e38cef2332f8c3b0fbb16798eefdb6445a7e1546814036cbee73297",
    "https://cdn.skypack.dev/-/@types/markdown-it@v12.2.3-sYCwq3SJdXEhZLrqr5Jd/dist=es2019,mode=types/lib/common/utils.d.ts": "c0d67c6c30ebd79af9835ea1bd6e0243a60ac9a5b8f8290c09cbbfb1fe0f50d1",
    "https://cdn.skypack.dev/-/@types/markdown-it@v12.2.3-sYCwq3SJdXEhZLrqr5Jd/dist=es2019,mode=types/lib/helpers/index.d.ts": "ac9e9e9012d15d15faef201e23178eec83d6aab8dc7c172a8c57bfb07baa3cf7",
    "https://cdn.skypack.dev/-/@types/markdown-it@v12.2.3-sYCwq3SJdXEhZLrqr5Jd/dist=es2019,mode=types/lib/helpers/parse_link_destination.d.ts": "b8396e9024d554b611cbe31a024b176ba7116063d19354b5a02dccd8f0118989",
    "https://cdn.skypack.dev/-/@types/markdown-it@v12.2.3-sYCwq3SJdXEhZLrqr5Jd/dist=es2019,mode=types/lib/helpers/parse_link_label.d.ts": "7849f0ffaa4577329c66f4c00515fc2993d3e52b5c99ed16dc6a8559e61ba22f",
    "https://cdn.skypack.dev/-/@types/markdown-it@v12.2.3-sYCwq3SJdXEhZLrqr5Jd/dist=es2019,mode=types/lib/helpers/parse_link_title.d.ts": "1bf83cace5d74d1c584e63427c3feac76c0274ae546841fd48758526230ebe16",
    "https://cdn.skypack.dev/-/@types/markdown-it@v12.2.3-sYCwq3SJdXEhZLrqr5Jd/dist=es2019,mode=types/lib/index.d.ts": "72233447415684015f7c908dc795af4b48843092bfb5f5ec5f76431520457cfd",
    "https://cdn.skypack.dev/-/@types/markdown-it@v12.2.3-sYCwq3SJdXEhZLrqr5Jd/dist=es2019,mode=types/lib/parser_block.d.ts": "d9c8037c97a151947e9f049284e2e10d257532980492a6ea7326f6b3e28a7d92",
    "https://cdn.skypack.dev/-/@types/markdown-it@v12.2.3-sYCwq3SJdXEhZLrqr5Jd/dist=es2019,mode=types/lib/parser_core.d.ts": "f04f830427f4adf73db1ea8bd39df609c21e74086b990cb2ecfb10368d67688c",
    "https://cdn.skypack.dev/-/@types/markdown-it@v12.2.3-sYCwq3SJdXEhZLrqr5Jd/dist=es2019,mode=types/lib/parser_inline.d.ts": "49930ce4761c2ac60f98f1a3a7320392229e89108c102f088814dd384db32216",
    "https://cdn.skypack.dev/-/@types/markdown-it@v12.2.3-sYCwq3SJdXEhZLrqr5Jd/dist=es2019,mode=types/lib/renderer.d.ts": "1b20c2ad4997b3e0d69c40d9b7f3754571a8037558b4a96d51d39e986fb9fc50",
    "https://cdn.skypack.dev/-/@types/markdown-it@v12.2.3-sYCwq3SJdXEhZLrqr5Jd/dist=es2019,mode=types/lib/ruler.d.ts": "49fe02c94805b6d120e6034b83da12fe66735d881385116e399a36abfb1d7b92",
    "https://cdn.skypack.dev/-/@types/markdown-it@v12.2.3-sYCwq3SJdXEhZLrqr5Jd/dist=es2019,mode=types/lib/rules_block/state_block.d.ts": "6acbd71c661359da7da4576f665b23a2a5fa48a5b8c6a1cbed84088abb54e909",
    "https://cdn.skypack.dev/-/@types/markdown-it@v12.2.3-sYCwq3SJdXEhZLrqr5Jd/dist=es2019,mode=types/lib/rules_core/state_core.d.ts": "17ab570aea2ea2021916c213ee7ab38b4f0171ece3226a0437b0f6e75aaf791c",
    "https://cdn.skypack.dev/-/@types/markdown-it@v12.2.3-sYCwq3SJdXEhZLrqr5Jd/dist=es2019,mode=types/lib/rules_inline/state_inline.d.ts": "3e39be2305d5270293d2ca86c978d219ba1e0e538fced9856c272f44ca067cdd",
    "https://cdn.skypack.dev/-/@types/markdown-it@v12.2.3-sYCwq3SJdXEhZLrqr5Jd/dist=es2019,mode=types/lib/token.d.ts": "95902d5561c6aac5dfc40568a12b0aca324037749dcd32a81f23423bfde69bab",
    "https://cdn.skypack.dev/-/extend@v3.0.2-Q2cd6ujM6b0w7OcyQfrP/dist=es2019,mode=imports/optimized/extend.js": "79f29f03fcd44bdd35042ffbc719c012930eb632590dbe7bd47f077942bc5759",
    "https://cdn.skypack.dev/-/highlight.js@v11.6.0-4W1e4sNTmpsDP0C1l7xy/dist=es2019,mode=imports/optimized/common/core-6fff0e6f.js": "19f0aebe2ae7ed8c14a06278d72149a4869bb9f3e70b4f027890847a18870e73",
    "https://cdn.skypack.dev/-/highlight.js@v11.6.0-4W1e4sNTmpsDP0C1l7xy/dist=es2019,mode=imports/optimized/common/wasm-225926ab.js": "382aafa96667599876ab1db1cd6bb3e22f1f9e116b3bd7a01eacb50b95647f90",
    "https://cdn.skypack.dev/-/highlight.js@v11.6.0-4W1e4sNTmpsDP0C1l7xy/dist=es2019,mode=imports/optimized/highlightjs.js": "5d347306de79bdcec320966f1e40b4e114d6411cd0d71cad55a0026bebfef00c",
    "https://cdn.skypack.dev/-/markdown-it-regexp@v0.4.0-llSl4v74x9MO2u5Gfs0i/dist=es2019,mode=imports/optimized/markdown-it-regexp.js": "6b508af41d734dc1ab4739f28183829d9c234adda5430ca653575649fef245db",
    "https://cdn.skypack.dev/-/markdown-it-wikilinks@v1.3.0-vbrkQMar3HrEliO13xpU/dist=es2019,mode=imports/optimized/markdown-it-wikilinks.js": "66cdb7d72d775f1f8c5e81b71f65f1ec7aa8b1f09fc4c87c1fba3e1f26d1e0a0",
    "https://cdn.skypack.dev/-/sanitize-filename@v1.6.3-fOPu03kI4iGws52Jwh4r/dist=es2019,mode=imports/optimized/sanitize-filename.js": "fbd2143efc83fb9b1ac180bcb1fd4e65629aab4314c3ab75556414171d073a34",
    "https://cdn.skypack.dev/-/truncate-utf8-bytes@v1.0.2-3jLSaRwZhYex0Ff4q8Wh/dist=es2019,mode=imports/optimized/truncate-utf8-bytes.js": "a37b096344d9093d9f8dd40ff8d26af57e4937cdc20c755197185718ee6e7f21",
    "https://cdn.skypack.dev/-/utf8-byte-length@v1.0.4-C19cr9AZBF3jOV5VdhCl/dist=es2019,mode=imports/unoptimized/browser.js": "e10b5133701c7909b7399292c26714834e660130de3eaac036275db7fa20bf5b",
    "https://cdn.skypack.dev/@types/markdown-it@12.2.3?dts": "8786aa271dc1a635b7065abc8743b0abe6201e27ec8b4c5ab9b70da5228d8a38",
    "https://cdn.skypack.dev/error/unknown:linkify-it?from=@types/markdown-it": "405315f59362e270bb4bca040e053c83224a81b1a396aed9eacdad5d9e88dc7c",
    "https://cdn.skypack.dev/error/unknown:mdurl?from=@types/markdown-it": "3c6ed2f6f80fb6c3a4dac27c910b996f78f568b40ba14a1afb51476e32ed0581",
    "https://cdn.skypack.dev/highlight.js@11.6.0": "4fa5b5713876497f4a1ca59020e30d4db240137a574a273eafdae83ebdc1c735",
    "https://cdn.skypack.dev/markdown-it-wikilinks@v1.3.0?dts": "08450ed20ce30ab7c7e58940cd490c886aae8ac9bab7a1a26314ca8e4b4e7bf7",
    "https://deno.land/std@0.159.0/_util/assert.ts": "e94f2eb37cebd7f199952e242c77654e43333c1ac4c5c700e929ea3aa5489f74",
    "https://deno.land/std@0.159.0/flags/mod.ts": "5ecf064f28471b455be61a71b68172236151f3362c8b4a663d5aedee93179ded",
    "https://deno.land/std@0.175.0/node/internal/idna.ts": "034043ac9273eb5ba83112c926dba1777775f1eca40e021c8703cd1720bedd9f",
    "https://deno.land/std@0.175.0/node/punycode.ts": "3ebe08fc8883eb997edfc27c2a56057d59ed8e64a1e8a50c00494e860f9c77d6",
    "https://esm.sh/katex@0.16.3?no-dts": "841d66099fda8a0baf454f05e17be105c0746748f20a1530d514fa6a9c055e38",
    "https://esm.sh/markdown-it-emoji@2.0.2?no-dts": "8c75d428b821787d1ee769935129022c16323b7b5a1fc947eb121d5ed78d4d9e",
    "https://esm.sh/markdown-it-footnote@3.0.3?no-dts": "b26fd6d5ade0b86e26e964cd842cc7d5d2c6d5b1d30c31512368e0417d633094",
    "https://esm.sh/markdown-it-task-lists@2.1.1?no-dts": "0233f52cfeea1fcbcc92953ce219ec807fe72e647631b09d20bb837a0a3c6051",
    "https://esm.sh/markdown-it-texmath@1.0.0?no-dts": "5b39ca14522f35e05ffda4ea86ca0a386ea80c3c64c89aceb37c3fa581099895",
    "https://esm.sh/markdown-it-wikilinks@1.3.0": "eae90f910caaaf38f0b5c37813fa4e25ecb5b51c5fe544a02b685cc84f6a1fbf",
    "https://esm.sh/markdown-it-wikilinks@1.3.0?no-dts": "eae90f910caaaf38f0b5c37813fa4e25ecb5b51c5fe544a02b685cc84f6a1fbf",
    "https://esm.sh/markdown-it@13.0.1?no-dts": "d4d2a0b75636ea3e05e7aea398d3d35aff0ee768b7ad1ac6d08cc373d4e58eb0",
    "https://esm.sh/v106/entities@3.0.1/deno/lib/maps/entities.json.js": "b8eafb4da8460b43600221c3e50d0b64d38a25b223de6379fdb513bc826db9e3",
    "https://esm.sh/v106/katex@0.16.3/deno/katex.js": "80e4935c1a289c27dc19d5ddd595a60a62a9f50975500eb6cc273527b96f34ef",
    "https://esm.sh/v106/katex@0.16.4/deno/katex.js": "b23d99f1b06001cb969febc7da3b287d665780b8245deab439309c7065c7a807",
    "https://esm.sh/v106/linkify-it@4.0.1/deno/linkify-it.js": "5f50450f4ffe6c4037d38b8dc97c93501445cd286cf75f6bd9b804058c3ee4cc",
    "https://esm.sh/v106/markdown-it-emoji@2.0.2/deno/markdown-it-emoji.js": "f9821bc19ccc86381d1e5ef4092bcedceec90297e9d9886236c17999eac966b3",
    "https://esm.sh/v106/markdown-it-footnote@3.0.3/deno/markdown-it-footnote.js": "8c615cf471c16e96044cd7bdb5d2d8f681d01bd46d256291a461943d5e1833a0",
    "https://esm.sh/v106/markdown-it-task-lists@2.1.1/deno/markdown-it-task-lists.js": "fa7efe5aad9fe4aa931e26155f317b99cdeed94eafff47b20b5e766fc8654045",
    "https://esm.sh/v106/markdown-it-texmath@1.0.0/deno/markdown-it-texmath.js": "0ceccd2b8f8237ec890b510c39ce832730dffb404e22de16db8166c3ec2b4043",
    "https://esm.sh/v106/markdown-it@13.0.1/deno/markdown-it.js": "7d43d0838992dcd2a16301ad94cde2e79f2ef00b5a93b4fdd5644bc771055710",
    "https://esm.sh/v106/mdurl@1.0.1/deno/mdurl.js": "9a9d5fc469355898855f018b345f7dc819ad64d508db4e65e573f82213a59fae",
    "https://esm.sh/v106/uc.micro@1.0.6/deno/categories/Cc/regex.js": "588b2ad88036d3d01368fb02e6ac3e26ec8a9d62bf4f70ae858d7e8acc629162",
    "https://esm.sh/v106/uc.micro@1.0.6/deno/categories/P/regex.js": "88dbe914cfdb88e3a980b238967ca0523db730a7e94194ecc6e70770ae29759f",
    "https://esm.sh/v106/uc.micro@1.0.6/deno/categories/Z/regex.js": "4bfc4153ad1a995246c711230ecfc0b4c9274c9148d0a3d3309f770ca25c3907",
    "https://esm.sh/v106/uc.micro@1.0.6/deno/properties/Any/regex.js": "943005cb551bcde2ac1cf871976ac01863b9cfc0a17944f30ec74d0413617c0e",
    "https://esm.sh/v106/uc.micro@1.0.6/deno/uc.micro.js": "c5f75cf07a117d98a91c48ab9467517542b0b043fff6c6174466a415990ce286",
    "https://esm.sh/v128/extend@3.0.2/denonext/extend.mjs": "6ab9e4890dfa54ec88fa326fca525c211141d6da72188f54e9610d1281219c9e",
    "https://esm.sh/v128/markdown-it-regexp@0.4.0/denonext/markdown-it-regexp.mjs": "23e95856028512cf345dedcb3cb7764f0caf41f1b478bfb0427e1cd3343fc066",
    "https://esm.sh/v128/markdown-it-wikilinks@1.3.0/denonext/markdown-it-wikilinks.mjs": "b38797a7766a4eddde2d4a75be807ad10c7c9d7f19e792e59c44e2fa71c591ed",
    "https://esm.sh/v128/sanitize-filename@1.6.3/denonext/sanitize-filename.mjs": "bf88ce70f6a234d59fef31b756ae8ce6a1c29dd7e56b05cd3b516a1c6a8121bd",
    "https://esm.sh/v128/truncate-utf8-bytes@1.0.2/denonext/truncate-utf8-bytes.mjs": "fe63a33cbd36b7fb9664f98c6c9cb816c9d83212829f874d232b5d3531d34335",
    "https://esm.sh/v128/utf8-byte-length@1.0.4/denonext/browser.js": "23e8fb7c678074c7f1f3813a28b06913fc4f16924f66a247461a3ea9f79eea97"
  }
}
